// !$*UTF8*$!
{
	archiveVersion = 1;
	classes = {
	};
	objectVersion = 46;
	objects = {

/* Begin PBXBuildFile section */
		810AA3581BA1D21100E06EAA /* ThirdPartLoginController.swift in Sources */ = {isa = PBXBuildFile; fileRef = 810AA3571BA1D21100E06EAA /* ThirdPartLoginController.swift */; };
		810AA35A1BA1DDD000E06EAA /* ThirdPartShareController.swift in Sources */ = {isa = PBXBuildFile; fileRef = 810AA3591BA1DDD000E06EAA /* ThirdPartShareController.swift */; };
		810C61C51B6DC4CB00B2EDA9 /* InterestingCell.swift in Sources */ = {isa = PBXBuildFile; fileRef = 810C61C41B6DC4CB00B2EDA9 /* InterestingCell.swift */; };
		811ED7EC1BB192C2007BA907 /* area.plist in Resources */ = {isa = PBXBuildFile; fileRef = 811ED7EB1BB192C2007BA907 /* area.plist */; };
		812E43F51B6B550700E3ED64 /* SMSegmentView.swift in Sources */ = {isa = PBXBuildFile; fileRef = 812E43F31B6B550700E3ED64 /* SMSegmentView.swift */; };
		812E43F61B6B550700E3ED64 /* SMSegment.swift in Sources */ = {isa = PBXBuildFile; fileRef = 812E43F41B6B550700E3ED64 /* SMSegment.swift */; };
		8143CC791B9EBF82004FA08B /* UserInfoController.swift in Sources */ = {isa = PBXBuildFile; fileRef = 8143CC781B9EBF82004FA08B /* UserInfoController.swift */; };
		8143CC7B1B9ED2A9004FA08B /* LikeController.swift in Sources */ = {isa = PBXBuildFile; fileRef = 8143CC7A1B9ED2A9004FA08B /* LikeController.swift */; };
		814897421B83890A006EDC23 /* GoodsWebViewController.swift in Sources */ = {isa = PBXBuildFile; fileRef = 814897411B83890A006EDC23 /* GoodsWebViewController.swift */; };
		814BF3081C2851D30074A0E1 /* TencentOpenAPI.framework in Frameworks */ = {isa = PBXBuildFile; fileRef = 814BF2EF1C2851D30074A0E1 /* TencentOpenAPI.framework */; };
		814BF3091C2851D30074A0E1 /* TencentOpenApi_IOS_Bundle.bundle in Resources */ = {isa = PBXBuildFile; fileRef = 814BF2F01C2851D30074A0E1 /* TencentOpenApi_IOS_Bundle.bundle */; };
		814BF30A1C2851D30074A0E1 /* libWeiboSDK.a in Frameworks */ = {isa = PBXBuildFile; fileRef = 814BF2F21C2851D30074A0E1 /* libWeiboSDK.a */; };
		814BF30B1C2851D30074A0E1 /* WeiboSDK.bundle in Resources */ = {isa = PBXBuildFile; fileRef = 814BF2FA1C2851D30074A0E1 /* WeiboSDK.bundle */; };
		814BF30C1C2851D30074A0E1 /* libWeChatSDK.a in Frameworks */ = {isa = PBXBuildFile; fileRef = 814BF2FE1C2851D30074A0E1 /* libWeChatSDK.a */; };
		814BF30D1C2851D30074A0E1 /* MOBFoundation.framework in Frameworks */ = {isa = PBXBuildFile; fileRef = 814BF3011C2851D30074A0E1 /* MOBFoundation.framework */; };
		814BF30E1C2851D30074A0E1 /* ShareSDK.bundle in Resources */ = {isa = PBXBuildFile; fileRef = 814BF3021C2851D30074A0E1 /* ShareSDK.bundle */; };
		814BF30F1C2851D30074A0E1 /* ShareSDK.framework in Frameworks */ = {isa = PBXBuildFile; fileRef = 814BF3031C2851D30074A0E1 /* ShareSDK.framework */; };
		814BF3101C2851D30074A0E1 /* ShareSDKConnector.framework in Frameworks */ = {isa = PBXBuildFile; fileRef = 814BF3041C2851D30074A0E1 /* ShareSDKConnector.framework */; };
		814BF3111C2851D30074A0E1 /* ShareSDKExtension.framework in Frameworks */ = {isa = PBXBuildFile; fileRef = 814BF3051C2851D30074A0E1 /* ShareSDKExtension.framework */; };
		814BF3121C2851D30074A0E1 /* ShareSDKUI.bundle in Resources */ = {isa = PBXBuildFile; fileRef = 814BF3061C2851D30074A0E1 /* ShareSDKUI.bundle */; };
		814BF3131C2851D30074A0E1 /* ShareSDKUI.framework in Frameworks */ = {isa = PBXBuildFile; fileRef = 814BF3071C2851D30074A0E1 /* ShareSDKUI.framework */; };
		816108A21B5EA74F002BDFA6 /* TataController.swift in Sources */ = {isa = PBXBuildFile; fileRef = 816108A11B5EA74F002BDFA6 /* TataController.swift */; };
		816108A41B5EAA9A002BDFA6 /* InterestingController.swift in Sources */ = {isa = PBXBuildFile; fileRef = 816108A31B5EAA9A002BDFA6 /* InterestingController.swift */; };
		816108A61B5EAAB4002BDFA6 /* ThingsController.swift in Sources */ = {isa = PBXBuildFile; fileRef = 816108A51B5EAAB4002BDFA6 /* ThingsController.swift */; };
		81639CD41BD5D87600B31AD6 /* ContactUsViewController.swift in Sources */ = {isa = PBXBuildFile; fileRef = 81639CD31BD5D87600B31AD6 /* ContactUsViewController.swift */; };
		81639CD61BD5E29E00B31AD6 /* TouGaoViewController.swift in Sources */ = {isa = PBXBuildFile; fileRef = 81639CD51BD5E29E00B31AD6 /* TouGaoViewController.swift */; };
		81639CD81BD5E48000B31AD6 /* TuCaoViewController.swift in Sources */ = {isa = PBXBuildFile; fileRef = 81639CD71BD5E48000B31AD6 /* TuCaoViewController.swift */; };
		81639CDA1BD5EDA400B31AD6 /* MessageUI.framework in Frameworks */ = {isa = PBXBuildFile; fileRef = 81639CD91BD5EDA400B31AD6 /* MessageUI.framework */; };
		817670B21B5FE84B00805A06 /* TataNewsCell.swift in Sources */ = {isa = PBXBuildFile; fileRef = 817670B01B5FE84B00805A06 /* TataNewsCell.swift */; };
		817DDB721B5D2D6F0033C9F9 /* AppDelegate.swift in Sources */ = {isa = PBXBuildFile; fileRef = 817DDB711B5D2D6F0033C9F9 /* AppDelegate.swift */; };
		817DDB741B5D2D6F0033C9F9 /* HomeController.swift in Sources */ = {isa = PBXBuildFile; fileRef = 817DDB731B5D2D6F0033C9F9 /* HomeController.swift */; };
		817DDB771B5D2D6F0033C9F9 /* Main.storyboard in Resources */ = {isa = PBXBuildFile; fileRef = 817DDB751B5D2D6F0033C9F9 /* Main.storyboard */; };
		817DDB791B5D2D6F0033C9F9 /* Images.xcassets in Resources */ = {isa = PBXBuildFile; fileRef = 817DDB781B5D2D6F0033C9F9 /* Images.xcassets */; };
		817DDB7C1B5D2D6F0033C9F9 /* LaunchScreen.xib in Resources */ = {isa = PBXBuildFile; fileRef = 817DDB7A1B5D2D6F0033C9F9 /* LaunchScreen.xib */; };
		817DDB881B5D2D6F0033C9F9 /* AritaTests.swift in Sources */ = {isa = PBXBuildFile; fileRef = 817DDB871B5D2D6F0033C9F9 /* AritaTests.swift */; };
		817DDBAB1B5D4A9D0033C9F9 /* RMParallax.swift in Sources */ = {isa = PBXBuildFile; fileRef = 817DDBA91B5D4A9D0033C9F9 /* RMParallax.swift */; };
		817DDBAC1B5D4A9D0033C9F9 /* RMParallaxItem.swift in Sources */ = {isa = PBXBuildFile; fileRef = 817DDBAA1B5D4A9D0033C9F9 /* RMParallaxItem.swift */; };
		81A5852E1BCBFA1F004FE56E /* LoadMoreCell.swift in Sources */ = {isa = PBXBuildFile; fileRef = 81A5852D1BCBFA1F004FE56E /* LoadMoreCell.swift */; };
		81A6A5291B837461007E8A37 /* VersonViewController.swift in Sources */ = {isa = PBXBuildFile; fileRef = 81A6A5281B837461007E8A37 /* VersonViewController.swift */; };
		81A6A52B1B837B6C007E8A37 /* ContentWebViewController.swift in Sources */ = {isa = PBXBuildFile; fileRef = 81A6A52A1B837B6C007E8A37 /* ContentWebViewController.swift */; };
		81BD2CBD1BA3A18300EA0E58 /* libicucore.dylib in Frameworks */ = {isa = PBXBuildFile; fileRef = 81BD2CBC1BA3A18300EA0E58 /* libicucore.dylib */; };
		81BD2CBF1BA3A19100EA0E58 /* libz.dylib in Frameworks */ = {isa = PBXBuildFile; fileRef = 81BD2CBE1BA3A19100EA0E58 /* libz.dylib */; };
		81BD2CC11BA3A19C00EA0E58 /* libstdc++.dylib in Frameworks */ = {isa = PBXBuildFile; fileRef = 81BD2CC01BA3A19C00EA0E58 /* libstdc++.dylib */; };
		81BD2CC31BA3A1AA00EA0E58 /* JavaScriptCore.framework in Frameworks */ = {isa = PBXBuildFile; fileRef = 81BD2CC21BA3A1AA00EA0E58 /* JavaScriptCore.framework */; };
		81BD2CC51BA3A1B700EA0E58 /* ImageIO.framework in Frameworks */ = {isa = PBXBuildFile; fileRef = 81BD2CC41BA3A1B700EA0E58 /* ImageIO.framework */; };
		81BD2CC71BA3A1D300EA0E58 /* libsqlite3.dylib in Frameworks */ = {isa = PBXBuildFile; fileRef = 81BD2CC61BA3A1D300EA0E58 /* libsqlite3.dylib */; };
		81C5758E1B707EE6008FE3BF /* GoodsCollectionCell.swift in Sources */ = {isa = PBXBuildFile; fileRef = 81C5758D1B707EE6008FE3BF /* GoodsCollectionCell.swift */; };
		81C575901B70BA95008FE3BF /* SubGoodsController.swift in Sources */ = {isa = PBXBuildFile; fileRef = 81C5758F1B70BA95008FE3BF /* SubGoodsController.swift */; };
		81C575921B710981008FE3BF /* SubGoodsCollectionCell.swift in Sources */ = {isa = PBXBuildFile; fileRef = 81C575911B710981008FE3BF /* SubGoodsCollectionCell.swift */; };
		81DCFED31B824896003CF443 /* AboutUsController.swift in Sources */ = {isa = PBXBuildFile; fileRef = 81DCFED21B824896003CF443 /* AboutUsController.swift */; };
		81E789561BB42F2E002D0534 /* CommentViewController.swift in Sources */ = {isa = PBXBuildFile; fileRef = 81E789551BB42F2E002D0534 /* CommentViewController.swift */; };
		81E789581BB42F8F002D0534 /* CommentTableViewCell.swift in Sources */ = {isa = PBXBuildFile; fileRef = 81E789571BB42F8F002D0534 /* CommentTableViewCell.swift */; };
		81F066C21B9F2F9C0022D736 /* LikeArticleCell.swift in Sources */ = {isa = PBXBuildFile; fileRef = 81F066C11B9F2F9C0022D736 /* LikeArticleCell.swift */; };
		81F18F321C245878003C79B9 /* HomeViewController.swift in Sources */ = {isa = PBXBuildFile; fileRef = 81F18F311C245878003C79B9 /* HomeViewController.swift */; };
		81FF18FB1B7F02F900F793CA /* ViewController.swift in Sources */ = {isa = PBXBuildFile; fileRef = 81FF18FA1B7F02F900F793CA /* ViewController.swift */; };
		81FF18FD1B7F040D00F793CA /* Common.swift in Sources */ = {isa = PBXBuildFile; fileRef = 81FF18FC1B7F040D00F793CA /* Common.swift */; };
		81FF19031B7F079700F793CA /* LeftViewController.swift in Sources */ = {isa = PBXBuildFile; fileRef = 81FF19021B7F079700F793CA /* LeftViewController.swift */; };
		D9A943C29CE49FA235BBE66D /* Pods.framework in Frameworks */ = {isa = PBXBuildFile; fileRef = 6DA232FB9534B1F4A8BF46D5 /* Pods.framework */; settings = {ATTRIBUTES = (Weak, ); }; };
/* End PBXBuildFile section */

/* Begin PBXContainerItemProxy section */
		817DDB821B5D2D6F0033C9F9 /* PBXContainerItemProxy */ = {
			isa = PBXContainerItemProxy;
			containerPortal = 817DDB641B5D2D6F0033C9F9 /* Project object */;
			proxyType = 1;
			remoteGlobalIDString = 817DDB6B1B5D2D6F0033C9F9;
			remoteInfo = Arita;
		};
/* End PBXContainerItemProxy section */

/* Begin PBXFileReference section */
		04611579614A8BCD7BF7A7DD /* Pods.debug.xcconfig */ = {isa = PBXFileReference; includeInIndex = 1; lastKnownFileType = text.xcconfig; name = Pods.debug.xcconfig; path = "Pods/Target Support Files/Pods/Pods.debug.xcconfig"; sourceTree = "<group>"; };
		6DA232FB9534B1F4A8BF46D5 /* Pods.framework */ = {isa = PBXFileReference; explicitFileType = wrapper.framework; includeInIndex = 0; path = Pods.framework; sourceTree = BUILT_PRODUCTS_DIR; };
		810AA3571BA1D21100E06EAA /* ThirdPartLoginController.swift */ = {isa = PBXFileReference; fileEncoding = 4; lastKnownFileType = sourcecode.swift; path = ThirdPartLoginController.swift; sourceTree = "<group>"; };
		810AA3591BA1DDD000E06EAA /* ThirdPartShareController.swift */ = {isa = PBXFileReference; fileEncoding = 4; lastKnownFileType = sourcecode.swift; path = ThirdPartShareController.swift; sourceTree = "<group>"; };
		810C61C41B6DC4CB00B2EDA9 /* InterestingCell.swift */ = {isa = PBXFileReference; fileEncoding = 4; lastKnownFileType = sourcecode.swift; path = InterestingCell.swift; sourceTree = "<group>"; };
		811ED7EB1BB192C2007BA907 /* area.plist */ = {isa = PBXFileReference; fileEncoding = 4; lastKnownFileType = text.plist.xml; path = area.plist; sourceTree = "<group>"; };
		812E43F31B6B550700E3ED64 /* SMSegmentView.swift */ = {isa = PBXFileReference; fileEncoding = 4; lastKnownFileType = sourcecode.swift; path = SMSegmentView.swift; sourceTree = "<group>"; };
		812E43F41B6B550700E3ED64 /* SMSegment.swift */ = {isa = PBXFileReference; fileEncoding = 4; lastKnownFileType = sourcecode.swift; path = SMSegment.swift; sourceTree = "<group>"; };
		8143CC781B9EBF82004FA08B /* UserInfoController.swift */ = {isa = PBXFileReference; fileEncoding = 4; lastKnownFileType = sourcecode.swift; path = UserInfoController.swift; sourceTree = "<group>"; };
		8143CC7A1B9ED2A9004FA08B /* LikeController.swift */ = {isa = PBXFileReference; fileEncoding = 4; lastKnownFileType = sourcecode.swift; path = LikeController.swift; sourceTree = "<group>"; };
		814897411B83890A006EDC23 /* GoodsWebViewController.swift */ = {isa = PBXFileReference; fileEncoding = 4; lastKnownFileType = sourcecode.swift; path = GoodsWebViewController.swift; sourceTree = "<group>"; };
		814BF2EF1C2851D30074A0E1 /* TencentOpenAPI.framework */ = {isa = PBXFileReference; lastKnownFileType = wrapper.framework; path = TencentOpenAPI.framework; sourceTree = "<group>"; };
		814BF2F01C2851D30074A0E1 /* TencentOpenApi_IOS_Bundle.bundle */ = {isa = PBXFileReference; lastKnownFileType = "wrapper.plug-in"; path = TencentOpenApi_IOS_Bundle.bundle; sourceTree = "<group>"; };
		814BF2F21C2851D30074A0E1 /* libWeiboSDK.a */ = {isa = PBXFileReference; lastKnownFileType = archive.ar; path = libWeiboSDK.a; sourceTree = "<group>"; };
		814BF2F31C2851D30074A0E1 /* WBHttpRequest+WeiboShare.h */ = {isa = PBXFileReference; fileEncoding = 4; lastKnownFileType = sourcecode.c.h; path = "WBHttpRequest+WeiboShare.h"; sourceTree = "<group>"; };
		814BF2F41C2851D30074A0E1 /* WBHttpRequest+WeiboToken.h */ = {isa = PBXFileReference; fileEncoding = 4; lastKnownFileType = sourcecode.c.h; path = "WBHttpRequest+WeiboToken.h"; sourceTree = "<group>"; };
		814BF2F51C2851D30074A0E1 /* WBHttpRequest+WeiboUser.h */ = {isa = PBXFileReference; fileEncoding = 4; lastKnownFileType = sourcecode.c.h; path = "WBHttpRequest+WeiboUser.h"; sourceTree = "<group>"; };
		814BF2F61C2851D30074A0E1 /* WBHttpRequest.h */ = {isa = PBXFileReference; fileEncoding = 4; lastKnownFileType = sourcecode.c.h; path = WBHttpRequest.h; sourceTree = "<group>"; };
		814BF2F71C2851D30074A0E1 /* WBSDKBasicButton.h */ = {isa = PBXFileReference; fileEncoding = 4; lastKnownFileType = sourcecode.c.h; path = WBSDKBasicButton.h; sourceTree = "<group>"; };
		814BF2F81C2851D30074A0E1 /* WBSDKCommentButton.h */ = {isa = PBXFileReference; fileEncoding = 4; lastKnownFileType = sourcecode.c.h; path = WBSDKCommentButton.h; sourceTree = "<group>"; };
		814BF2F91C2851D30074A0E1 /* WBSDKRelationshipButton.h */ = {isa = PBXFileReference; fileEncoding = 4; lastKnownFileType = sourcecode.c.h; path = WBSDKRelationshipButton.h; sourceTree = "<group>"; };
		814BF2FA1C2851D30074A0E1 /* WeiboSDK.bundle */ = {isa = PBXFileReference; lastKnownFileType = "wrapper.plug-in"; path = WeiboSDK.bundle; sourceTree = "<group>"; };
		814BF2FB1C2851D30074A0E1 /* WeiboSDK.h */ = {isa = PBXFileReference; fileEncoding = 4; lastKnownFileType = sourcecode.c.h; path = WeiboSDK.h; sourceTree = "<group>"; };
		814BF2FC1C2851D30074A0E1 /* WeiboUser.h */ = {isa = PBXFileReference; fileEncoding = 4; lastKnownFileType = sourcecode.c.h; path = WeiboUser.h; sourceTree = "<group>"; };
		814BF2FE1C2851D30074A0E1 /* libWeChatSDK.a */ = {isa = PBXFileReference; lastKnownFileType = archive.ar; path = libWeChatSDK.a; sourceTree = "<group>"; };
		814BF2FF1C2851D30074A0E1 /* WXApi.h */ = {isa = PBXFileReference; fileEncoding = 4; lastKnownFileType = sourcecode.c.h; path = WXApi.h; sourceTree = "<group>"; };
		814BF3001C2851D30074A0E1 /* WXApiObject.h */ = {isa = PBXFileReference; fileEncoding = 4; lastKnownFileType = sourcecode.c.h; path = WXApiObject.h; sourceTree = "<group>"; };
		814BF3011C2851D30074A0E1 /* MOBFoundation.framework */ = {isa = PBXFileReference; lastKnownFileType = wrapper.framework; path = MOBFoundation.framework; sourceTree = "<group>"; };
		814BF3021C2851D30074A0E1 /* ShareSDK.bundle */ = {isa = PBXFileReference; lastKnownFileType = "wrapper.plug-in"; path = ShareSDK.bundle; sourceTree = "<group>"; };
		814BF3031C2851D30074A0E1 /* ShareSDK.framework */ = {isa = PBXFileReference; lastKnownFileType = wrapper.framework; path = ShareSDK.framework; sourceTree = "<group>"; };
		814BF3041C2851D30074A0E1 /* ShareSDKConnector.framework */ = {isa = PBXFileReference; lastKnownFileType = wrapper.framework; path = ShareSDKConnector.framework; sourceTree = "<group>"; };
		814BF3051C2851D30074A0E1 /* ShareSDKExtension.framework */ = {isa = PBXFileReference; lastKnownFileType = wrapper.framework; path = ShareSDKExtension.framework; sourceTree = "<group>"; };
		814BF3061C2851D30074A0E1 /* ShareSDKUI.bundle */ = {isa = PBXFileReference; lastKnownFileType = "wrapper.plug-in"; path = ShareSDKUI.bundle; sourceTree = "<group>"; };
		814BF3071C2851D30074A0E1 /* ShareSDKUI.framework */ = {isa = PBXFileReference; lastKnownFileType = wrapper.framework; path = ShareSDKUI.framework; sourceTree = "<group>"; };
		816108A11B5EA74F002BDFA6 /* TataController.swift */ = {isa = PBXFileReference; fileEncoding = 4; lastKnownFileType = sourcecode.swift; path = TataController.swift; sourceTree = "<group>"; };
		816108A31B5EAA9A002BDFA6 /* InterestingController.swift */ = {isa = PBXFileReference; fileEncoding = 4; lastKnownFileType = sourcecode.swift; path = InterestingController.swift; sourceTree = "<group>"; };
		816108A51B5EAAB4002BDFA6 /* ThingsController.swift */ = {isa = PBXFileReference; fileEncoding = 4; lastKnownFileType = sourcecode.swift; path = ThingsController.swift; sourceTree = "<group>"; };
		81639CD31BD5D87600B31AD6 /* ContactUsViewController.swift */ = {isa = PBXFileReference; fileEncoding = 4; lastKnownFileType = sourcecode.swift; path = ContactUsViewController.swift; sourceTree = "<group>"; };
		81639CD51BD5E29E00B31AD6 /* TouGaoViewController.swift */ = {isa = PBXFileReference; fileEncoding = 4; lastKnownFileType = sourcecode.swift; path = TouGaoViewController.swift; sourceTree = "<group>"; };
		81639CD71BD5E48000B31AD6 /* TuCaoViewController.swift */ = {isa = PBXFileReference; fileEncoding = 4; lastKnownFileType = sourcecode.swift; path = TuCaoViewController.swift; sourceTree = "<group>"; };
		81639CD91BD5EDA400B31AD6 /* MessageUI.framework */ = {isa = PBXFileReference; lastKnownFileType = wrapper.framework; name = MessageUI.framework; path = System/Library/Frameworks/MessageUI.framework; sourceTree = SDKROOT; };
		817670B01B5FE84B00805A06 /* TataNewsCell.swift */ = {isa = PBXFileReference; fileEncoding = 4; lastKnownFileType = sourcecode.swift; path = TataNewsCell.swift; sourceTree = "<group>"; };
		817DDB6C1B5D2D6F0033C9F9 /* Arita.app */ = {isa = PBXFileReference; explicitFileType = wrapper.application; includeInIndex = 0; path = Arita.app; sourceTree = BUILT_PRODUCTS_DIR; };
		817DDB701B5D2D6F0033C9F9 /* Info.plist */ = {isa = PBXFileReference; lastKnownFileType = text.plist.xml; path = Info.plist; sourceTree = "<group>"; };
		817DDB711B5D2D6F0033C9F9 /* AppDelegate.swift */ = {isa = PBXFileReference; lastKnownFileType = sourcecode.swift; name = AppDelegate.swift; path = Arita/AppDelegate/AppDelegate.swift; sourceTree = SOURCE_ROOT; };
		817DDB731B5D2D6F0033C9F9 /* HomeController.swift */ = {isa = PBXFileReference; lastKnownFileType = sourcecode.swift; path = HomeController.swift; sourceTree = "<group>"; };
		817DDB761B5D2D6F0033C9F9 /* Base */ = {isa = PBXFileReference; lastKnownFileType = file.storyboard; name = Base; path = Base.lproj/Main.storyboard; sourceTree = "<group>"; };
		817DDB781B5D2D6F0033C9F9 /* Images.xcassets */ = {isa = PBXFileReference; lastKnownFileType = folder.assetcatalog; path = Images.xcassets; sourceTree = "<group>"; };
		817DDB7B1B5D2D6F0033C9F9 /* Base */ = {isa = PBXFileReference; lastKnownFileType = file.xib; name = Base; path = Base.lproj/LaunchScreen.xib; sourceTree = "<group>"; };
		817DDB811B5D2D6F0033C9F9 /* AritaTests.xctest */ = {isa = PBXFileReference; explicitFileType = wrapper.cfbundle; includeInIndex = 0; path = AritaTests.xctest; sourceTree = BUILT_PRODUCTS_DIR; };
		817DDB861B5D2D6F0033C9F9 /* Info.plist */ = {isa = PBXFileReference; lastKnownFileType = text.plist.xml; path = Info.plist; sourceTree = "<group>"; };
		817DDB871B5D2D6F0033C9F9 /* AritaTests.swift */ = {isa = PBXFileReference; lastKnownFileType = sourcecode.swift; path = AritaTests.swift; sourceTree = "<group>"; };
		817DDBA91B5D4A9D0033C9F9 /* RMParallax.swift */ = {isa = PBXFileReference; fileEncoding = 4; lastKnownFileType = sourcecode.swift; path = RMParallax.swift; sourceTree = "<group>"; };
		817DDBAA1B5D4A9D0033C9F9 /* RMParallaxItem.swift */ = {isa = PBXFileReference; fileEncoding = 4; lastKnownFileType = sourcecode.swift; path = RMParallaxItem.swift; sourceTree = "<group>"; };
		81A5852D1BCBFA1F004FE56E /* LoadMoreCell.swift */ = {isa = PBXFileReference; fileEncoding = 4; lastKnownFileType = sourcecode.swift; path = LoadMoreCell.swift; sourceTree = "<group>"; };
		81A6A5281B837461007E8A37 /* VersonViewController.swift */ = {isa = PBXFileReference; fileEncoding = 4; lastKnownFileType = sourcecode.swift; path = VersonViewController.swift; sourceTree = "<group>"; };
		81A6A52A1B837B6C007E8A37 /* ContentWebViewController.swift */ = {isa = PBXFileReference; fileEncoding = 4; lastKnownFileType = sourcecode.swift; path = ContentWebViewController.swift; sourceTree = "<group>"; };
		81BD2CBC1BA3A18300EA0E58 /* libicucore.dylib */ = {isa = PBXFileReference; lastKnownFileType = "compiled.mach-o.dylib"; name = libicucore.dylib; path = usr/lib/libicucore.dylib; sourceTree = SDKROOT; };
		81BD2CBE1BA3A19100EA0E58 /* libz.dylib */ = {isa = PBXFileReference; lastKnownFileType = "compiled.mach-o.dylib"; name = libz.dylib; path = usr/lib/libz.dylib; sourceTree = SDKROOT; };
		81BD2CC01BA3A19C00EA0E58 /* libstdc++.dylib */ = {isa = PBXFileReference; lastKnownFileType = "compiled.mach-o.dylib"; name = "libstdc++.dylib"; path = "usr/lib/libstdc++.dylib"; sourceTree = SDKROOT; };
		81BD2CC21BA3A1AA00EA0E58 /* JavaScriptCore.framework */ = {isa = PBXFileReference; lastKnownFileType = wrapper.framework; name = JavaScriptCore.framework; path = System/Library/Frameworks/JavaScriptCore.framework; sourceTree = SDKROOT; };
		81BD2CC41BA3A1B700EA0E58 /* ImageIO.framework */ = {isa = PBXFileReference; lastKnownFileType = wrapper.framework; name = ImageIO.framework; path = System/Library/Frameworks/ImageIO.framework; sourceTree = SDKROOT; };
		81BD2CC61BA3A1D300EA0E58 /* libsqlite3.dylib */ = {isa = PBXFileReference; lastKnownFileType = "compiled.mach-o.dylib"; name = libsqlite3.dylib; path = usr/lib/libsqlite3.dylib; sourceTree = SDKROOT; };
		81BD2CC81BA3A21F00EA0E58 /* ShareSDK-Bridging-Header.h */ = {isa = PBXFileReference; fileEncoding = 4; lastKnownFileType = sourcecode.c.h; path = "ShareSDK-Bridging-Header.h"; sourceTree = "<group>"; };
		81C5758D1B707EE6008FE3BF /* GoodsCollectionCell.swift */ = {isa = PBXFileReference; fileEncoding = 4; lastKnownFileType = sourcecode.swift; path = GoodsCollectionCell.swift; sourceTree = "<group>"; };
		81C5758F1B70BA95008FE3BF /* SubGoodsController.swift */ = {isa = PBXFileReference; fileEncoding = 4; lastKnownFileType = sourcecode.swift; path = SubGoodsController.swift; sourceTree = "<group>"; };
		81C575911B710981008FE3BF /* SubGoodsCollectionCell.swift */ = {isa = PBXFileReference; fileEncoding = 4; lastKnownFileType = sourcecode.swift; path = SubGoodsCollectionCell.swift; sourceTree = "<group>"; };
		81DCFED21B824896003CF443 /* AboutUsController.swift */ = {isa = PBXFileReference; fileEncoding = 4; lastKnownFileType = sourcecode.swift; path = AboutUsController.swift; sourceTree = "<group>"; };
		81E789551BB42F2E002D0534 /* CommentViewController.swift */ = {isa = PBXFileReference; fileEncoding = 4; lastKnownFileType = sourcecode.swift; path = CommentViewController.swift; sourceTree = "<group>"; };
		81E789571BB42F8F002D0534 /* CommentTableViewCell.swift */ = {isa = PBXFileReference; fileEncoding = 4; lastKnownFileType = sourcecode.swift; path = CommentTableViewCell.swift; sourceTree = "<group>"; };
		81F066C11B9F2F9C0022D736 /* LikeArticleCell.swift */ = {isa = PBXFileReference; fileEncoding = 4; lastKnownFileType = sourcecode.swift; path = LikeArticleCell.swift; sourceTree = "<group>"; };
		81F18F311C245878003C79B9 /* HomeViewController.swift */ = {isa = PBXFileReference; fileEncoding = 4; lastKnownFileType = sourcecode.swift; path = HomeViewController.swift; sourceTree = "<group>"; };
		81FF18FA1B7F02F900F793CA /* ViewController.swift */ = {isa = PBXFileReference; fileEncoding = 4; lastKnownFileType = sourcecode.swift; path = ViewController.swift; sourceTree = "<group>"; };
		81FF18FC1B7F040D00F793CA /* Common.swift */ = {isa = PBXFileReference; fileEncoding = 4; lastKnownFileType = sourcecode.swift; path = Common.swift; sourceTree = "<group>"; };
		81FF19021B7F079700F793CA /* LeftViewController.swift */ = {isa = PBXFileReference; fileEncoding = 4; lastKnownFileType = sourcecode.swift; path = LeftViewController.swift; sourceTree = "<group>"; };
		84531F842C27527EDC48154D /* Pods.release.xcconfig */ = {isa = PBXFileReference; includeInIndex = 1; lastKnownFileType = text.xcconfig; name = Pods.release.xcconfig; path = "Pods/Target Support Files/Pods/Pods.release.xcconfig"; sourceTree = "<group>"; };
/* End PBXFileReference section */

/* Begin PBXFrameworksBuildPhase section */
		817DDB691B5D2D6F0033C9F9 /* Frameworks */ = {
			isa = PBXFrameworksBuildPhase;
			buildActionMask = 2147483647;
			files = (
				814BF30D1C2851D30074A0E1 /* MOBFoundation.framework in Frameworks */,
				81639CDA1BD5EDA400B31AD6 /* MessageUI.framework in Frameworks */,
				814BF3111C2851D30074A0E1 /* ShareSDKExtension.framework in Frameworks */,
				814BF3131C2851D30074A0E1 /* ShareSDKUI.framework in Frameworks */,
				814BF3081C2851D30074A0E1 /* TencentOpenAPI.framework in Frameworks */,
				814BF3101C2851D30074A0E1 /* ShareSDKConnector.framework in Frameworks */,
				81BD2CC71BA3A1D300EA0E58 /* libsqlite3.dylib in Frameworks */,
				81BD2CC51BA3A1B700EA0E58 /* ImageIO.framework in Frameworks */,
				81BD2CC31BA3A1AA00EA0E58 /* JavaScriptCore.framework in Frameworks */,
				814BF30F1C2851D30074A0E1 /* ShareSDK.framework in Frameworks */,
				814BF30C1C2851D30074A0E1 /* libWeChatSDK.a in Frameworks */,
				814BF30A1C2851D30074A0E1 /* libWeiboSDK.a in Frameworks */,
				81BD2CC11BA3A19C00EA0E58 /* libstdc++.dylib in Frameworks */,
				81BD2CBF1BA3A19100EA0E58 /* libz.dylib in Frameworks */,
				81BD2CBD1BA3A18300EA0E58 /* libicucore.dylib in Frameworks */,
				D9A943C29CE49FA235BBE66D /* Pods.framework in Frameworks */,
			);
			runOnlyForDeploymentPostprocessing = 0;
		};
		817DDB7E1B5D2D6F0033C9F9 /* Frameworks */ = {
			isa = PBXFrameworksBuildPhase;
			buildActionMask = 2147483647;
			files = (
			);
			runOnlyForDeploymentPostprocessing = 0;
		};
/* End PBXFrameworksBuildPhase section */

/* Begin PBXGroup section */
		813231481C28545300AC7628 /* General */ = {
			isa = PBXGroup;
			children = (
				813231491C28546F00AC7628 /* Views */,
				8132314B1C28556100AC7628 /* Classes */,
			);
			path = General;
			sourceTree = "<group>";
		};
		813231491C28546F00AC7628 /* Views */ = {
			isa = PBXGroup;
			children = (
				817DDBA91B5D4A9D0033C9F9 /* RMParallax.swift */,
				817DDBAA1B5D4A9D0033C9F9 /* RMParallaxItem.swift */,
				812E43F31B6B550700E3ED64 /* SMSegmentView.swift */,
				812E43F41B6B550700E3ED64 /* SMSegment.swift */,
			);
			path = Views;
			sourceTree = "<group>";
		};
		8132314B1C28556100AC7628 /* Classes */ = {
			isa = PBXGroup;
			children = (
				817670B01B5FE84B00805A06 /* TataNewsCell.swift */,
				810C61C41B6DC4CB00B2EDA9 /* InterestingCell.swift */,
				81C5758D1B707EE6008FE3BF /* GoodsCollectionCell.swift */,
				81C575911B710981008FE3BF /* SubGoodsCollectionCell.swift */,
				81F066C11B9F2F9C0022D736 /* LikeArticleCell.swift */,
				81A5852D1BCBFA1F004FE56E /* LoadMoreCell.swift */,
				81E789571BB42F8F002D0534 /* CommentTableViewCell.swift */,
			);
			path = Classes;
			sourceTree = "<group>";
		};
		814BF2E81C284BF70074A0E1 /* Home */ = {
			isa = PBXGroup;
			children = (
				81FF18FA1B7F02F900F793CA /* ViewController.swift */,
				81F18F311C245878003C79B9 /* HomeViewController.swift */,
				81FF19021B7F079700F793CA /* LeftViewController.swift */,
			);
			path = Home;
			sourceTree = "<group>";
		};
		814BF2E91C284CEE0074A0E1 /* Helpers */ = {
			isa = PBXGroup;
			children = (
				81FF18FC1B7F040D00F793CA /* Common.swift */,
			);
			path = Helpers;
			sourceTree = "<group>";
		};
		814BF2EA1C284E1A0074A0E1 /* Vendors */ = {
			isa = PBXGroup;
			children = (
				814BF2EC1C2851D30074A0E1 /* libraries */,
				81BD2CC81BA3A21F00EA0E58 /* ShareSDK-Bridging-Header.h */,
			);
			path = Vendors;
			sourceTree = "<group>";
		};
		814BF2EC1C2851D30074A0E1 /* libraries */ = {
			isa = PBXGroup;
			children = (
				814BF2ED1C2851D30074A0E1 /* extends */,
				814BF3011C2851D30074A0E1 /* MOBFoundation.framework */,
				814BF3021C2851D30074A0E1 /* ShareSDK.bundle */,
				814BF3031C2851D30074A0E1 /* ShareSDK.framework */,
				814BF3041C2851D30074A0E1 /* ShareSDKConnector.framework */,
				814BF3051C2851D30074A0E1 /* ShareSDKExtension.framework */,
				814BF3061C2851D30074A0E1 /* ShareSDKUI.bundle */,
				814BF3071C2851D30074A0E1 /* ShareSDKUI.framework */,
			);
			path = libraries;
			sourceTree = "<group>";
		};
		814BF2ED1C2851D30074A0E1 /* extends */ = {
			isa = PBXGroup;
			children = (
				814BF2EE1C2851D30074A0E1 /* QQSDK */,
				814BF2F11C2851D30074A0E1 /* SinaWeiboSDK */,
				814BF2FD1C2851D30074A0E1 /* WeChatSDK */,
			);
			path = extends;
			sourceTree = "<group>";
		};
		814BF2EE1C2851D30074A0E1 /* QQSDK */ = {
			isa = PBXGroup;
			children = (
				814BF2EF1C2851D30074A0E1 /* TencentOpenAPI.framework */,
				814BF2F01C2851D30074A0E1 /* TencentOpenApi_IOS_Bundle.bundle */,
			);
			path = QQSDK;
			sourceTree = "<group>";
		};
		814BF2F11C2851D30074A0E1 /* SinaWeiboSDK */ = {
			isa = PBXGroup;
			children = (
				814BF2F21C2851D30074A0E1 /* libWeiboSDK.a */,
				814BF2F31C2851D30074A0E1 /* WBHttpRequest+WeiboShare.h */,
				814BF2F41C2851D30074A0E1 /* WBHttpRequest+WeiboToken.h */,
				814BF2F51C2851D30074A0E1 /* WBHttpRequest+WeiboUser.h */,
				814BF2F61C2851D30074A0E1 /* WBHttpRequest.h */,
				814BF2F71C2851D30074A0E1 /* WBSDKBasicButton.h */,
				814BF2F81C2851D30074A0E1 /* WBSDKCommentButton.h */,
				814BF2F91C2851D30074A0E1 /* WBSDKRelationshipButton.h */,
				814BF2FA1C2851D30074A0E1 /* WeiboSDK.bundle */,
				814BF2FB1C2851D30074A0E1 /* WeiboSDK.h */,
				814BF2FC1C2851D30074A0E1 /* WeiboUser.h */,
			);
			path = SinaWeiboSDK;
			sourceTree = "<group>";
		};
		814BF2FD1C2851D30074A0E1 /* WeChatSDK */ = {
			isa = PBXGroup;
			children = (
				814BF2FE1C2851D30074A0E1 /* libWeChatSDK.a */,
				814BF2FF1C2851D30074A0E1 /* WXApi.h */,
				814BF3001C2851D30074A0E1 /* WXApiObject.h */,
			);
			path = WeChatSDK;
			sourceTree = "<group>";
		};
		817DDB631B5D2D6F0033C9F9 = {
			isa = PBXGroup;
			children = (
				817DDB6E1B5D2D6F0033C9F9 /* Arita */,
				817DDB841B5D2D6F0033C9F9 /* AritaTests */,
				817DDB6D1B5D2D6F0033C9F9 /* Products */,
				D2BC62B6A64C13951A33F83C /* Pods */,
				E45FE2F7789584892EC321C1 /* Frameworks */,
			);
			sourceTree = "<group>";
		};
		817DDB6D1B5D2D6F0033C9F9 /* Products */ = {
			isa = PBXGroup;
			children = (
				817DDB6C1B5D2D6F0033C9F9 /* Arita.app */,
				817DDB811B5D2D6F0033C9F9 /* AritaTests.xctest */,
			);
			name = Products;
			sourceTree = "<group>";
		};
		817DDB6E1B5D2D6F0033C9F9 /* Arita */ = {
			isa = PBXGroup;
			children = (
				817DDB731B5D2D6F0033C9F9 /* HomeController.swift */,
				81C343D11C282D3200E2CB83 /* Sections */,
				813231481C28545300AC7628 /* General */,
				814BF2E91C284CEE0074A0E1 /* Helpers */,
				814BF2EA1C284E1A0074A0E1 /* Vendors */,
				81C343D21C28377500E2CB83 /* AppDelegate */,
				817DDB781B5D2D6F0033C9F9 /* Images.xcassets */,
				817DDB6F1B5D2D6F0033C9F9 /* Supporting Files */,
			);
			path = Arita;
			sourceTree = "<group>";
		};
		817DDB6F1B5D2D6F0033C9F9 /* Supporting Files */ = {
			isa = PBXGroup;
			children = (
				817DDB751B5D2D6F0033C9F9 /* Main.storyboard */,
				817DDB7A1B5D2D6F0033C9F9 /* LaunchScreen.xib */,
				811ED7EB1BB192C2007BA907 /* area.plist */,
				817DDB701B5D2D6F0033C9F9 /* Info.plist */,
			);
			path = "Supporting Files";
			sourceTree = "<group>";
		};
		817DDB841B5D2D6F0033C9F9 /* AritaTests */ = {
			isa = PBXGroup;
			children = (
				817DDB871B5D2D6F0033C9F9 /* AritaTests.swift */,
				817DDB851B5D2D6F0033C9F9 /* Supporting Files */,
			);
			path = AritaTests;
			sourceTree = "<group>";
		};
		817DDB851B5D2D6F0033C9F9 /* Supporting Files */ = {
			isa = PBXGroup;
			children = (
				817DDB861B5D2D6F0033C9F9 /* Info.plist */,
			);
			name = "Supporting Files";
			sourceTree = "<group>";
		};
		81C343D11C282D3200E2CB83 /* Sections */ = {
			isa = PBXGroup;
			children = (
				814BF2E81C284BF70074A0E1 /* Home */,
				816108A11B5EA74F002BDFA6 /* TataController.swift */,
				816108A31B5EAA9A002BDFA6 /* InterestingController.swift */,
				816108A51B5EAAB4002BDFA6 /* ThingsController.swift */,
				81C5758F1B70BA95008FE3BF /* SubGoodsController.swift */,
				8143CC781B9EBF82004FA08B /* UserInfoController.swift */,
				8143CC7A1B9ED2A9004FA08B /* LikeController.swift */,
				81DCFED21B824896003CF443 /* AboutUsController.swift */,
				81A6A5281B837461007E8A37 /* VersonViewController.swift */,
				81A6A52A1B837B6C007E8A37 /* ContentWebViewController.swift */,
				814897411B83890A006EDC23 /* GoodsWebViewController.swift */,
				810AA3571BA1D21100E06EAA /* ThirdPartLoginController.swift */,
				810AA3591BA1DDD000E06EAA /* ThirdPartShareController.swift */,
				81E789551BB42F2E002D0534 /* CommentViewController.swift */,
				81639CD31BD5D87600B31AD6 /* ContactUsViewController.swift */,
				81639CD51BD5E29E00B31AD6 /* TouGaoViewController.swift */,
				81639CD71BD5E48000B31AD6 /* TuCaoViewController.swift */,
			);
			path = Sections;
			sourceTree = "<group>";
		};
		81C343D21C28377500E2CB83 /* AppDelegate */ = {
			isa = PBXGroup;
			children = (
				817DDB711B5D2D6F0033C9F9 /* AppDelegate.swift */,
			);
			path = AppDelegate;
			sourceTree = "<group>";
		};
		D2BC62B6A64C13951A33F83C /* Pods */ = {
			isa = PBXGroup;
			children = (
				04611579614A8BCD7BF7A7DD /* Pods.debug.xcconfig */,
				84531F842C27527EDC48154D /* Pods.release.xcconfig */,
			);
			name = Pods;
			sourceTree = "<group>";
		};
		E45FE2F7789584892EC321C1 /* Frameworks */ = {
			isa = PBXGroup;
			children = (
				81639CD91BD5EDA400B31AD6 /* MessageUI.framework */,
				81BD2CC61BA3A1D300EA0E58 /* libsqlite3.dylib */,
				81BD2CC41BA3A1B700EA0E58 /* ImageIO.framework */,
				81BD2CC21BA3A1AA00EA0E58 /* JavaScriptCore.framework */,
				81BD2CC01BA3A19C00EA0E58 /* libstdc++.dylib */,
				81BD2CBE1BA3A19100EA0E58 /* libz.dylib */,
				81BD2CBC1BA3A18300EA0E58 /* libicucore.dylib */,
				6DA232FB9534B1F4A8BF46D5 /* Pods.framework */,
			);
			name = Frameworks;
			sourceTree = "<group>";
		};
/* End PBXGroup section */

/* Begin PBXNativeTarget section */
		817DDB6B1B5D2D6F0033C9F9 /* Arita */ = {
			isa = PBXNativeTarget;
			buildConfigurationList = 817DDB8B1B5D2D6F0033C9F9 /* Build configuration list for PBXNativeTarget "Arita" */;
			buildPhases = (
				FCDFF48630BC29BAEE134D04 /* Check Pods Manifest.lock */,
				817DDB681B5D2D6F0033C9F9 /* Sources */,
				817DDB691B5D2D6F0033C9F9 /* Frameworks */,
				817DDB6A1B5D2D6F0033C9F9 /* Resources */,
				86FC1469441528476C800663 /* Embed Pods Frameworks */,
				33E6FB209907C9F60B75C8A4 /* Copy Pods Resources */,
			);
			buildRules = (
			);
			dependencies = (
			);
			name = Arita;
			productName = Arita;
			productReference = 817DDB6C1B5D2D6F0033C9F9 /* Arita.app */;
			productType = "com.apple.product-type.application";
		};
		817DDB801B5D2D6F0033C9F9 /* AritaTests */ = {
			isa = PBXNativeTarget;
			buildConfigurationList = 817DDB8E1B5D2D6F0033C9F9 /* Build configuration list for PBXNativeTarget "AritaTests" */;
			buildPhases = (
				817DDB7D1B5D2D6F0033C9F9 /* Sources */,
				817DDB7E1B5D2D6F0033C9F9 /* Frameworks */,
				817DDB7F1B5D2D6F0033C9F9 /* Resources */,
			);
			buildRules = (
			);
			dependencies = (
				817DDB831B5D2D6F0033C9F9 /* PBXTargetDependency */,
			);
			name = AritaTests;
			productName = AritaTests;
			productReference = 817DDB811B5D2D6F0033C9F9 /* AritaTests.xctest */;
			productType = "com.apple.product-type.bundle.unit-test";
		};
/* End PBXNativeTarget section */

/* Begin PBXProject section */
		817DDB641B5D2D6F0033C9F9 /* Project object */ = {
			isa = PBXProject;
			attributes = {
				LastSwiftMigration = 0700;
				LastSwiftUpdateCheck = 0700;
				LastUpgradeCheck = 0700;
				ORGANIZATIONNAME = DcBunny;
				TargetAttributes = {
					817DDB6B1B5D2D6F0033C9F9 = {
						CreatedOnToolsVersion = 6.4;
						DevelopmentTeam = MUGPCKW3CX;
					};
					817DDB801B5D2D6F0033C9F9 = {
						CreatedOnToolsVersion = 6.4;
						TestTargetID = 817DDB6B1B5D2D6F0033C9F9;
					};
				};
			};
			buildConfigurationList = 817DDB671B5D2D6F0033C9F9 /* Build configuration list for PBXProject "Arita" */;
			compatibilityVersion = "Xcode 3.2";
			developmentRegion = English;
			hasScannedForEncodings = 0;
			knownRegions = (
				en,
				Base,
			);
			mainGroup = 817DDB631B5D2D6F0033C9F9;
			productRefGroup = 817DDB6D1B5D2D6F0033C9F9 /* Products */;
			projectDirPath = "";
			projectRoot = "";
			targets = (
				817DDB6B1B5D2D6F0033C9F9 /* Arita */,
				817DDB801B5D2D6F0033C9F9 /* AritaTests */,
			);
		};
/* End PBXProject section */

/* Begin PBXResourcesBuildPhase section */
		817DDB6A1B5D2D6F0033C9F9 /* Resources */ = {
			isa = PBXResourcesBuildPhase;
			buildActionMask = 2147483647;
			files = (
				817DDB771B5D2D6F0033C9F9 /* Main.storyboard in Resources */,
				817DDB7C1B5D2D6F0033C9F9 /* LaunchScreen.xib in Resources */,
				811ED7EC1BB192C2007BA907 /* area.plist in Resources */,
				814BF30E1C2851D30074A0E1 /* ShareSDK.bundle in Resources */,
				814BF3121C2851D30074A0E1 /* ShareSDKUI.bundle in Resources */,
				814BF3091C2851D30074A0E1 /* TencentOpenApi_IOS_Bundle.bundle in Resources */,
				817DDB791B5D2D6F0033C9F9 /* Images.xcassets in Resources */,
				814BF30B1C2851D30074A0E1 /* WeiboSDK.bundle in Resources */,
			);
			runOnlyForDeploymentPostprocessing = 0;
		};
		817DDB7F1B5D2D6F0033C9F9 /* Resources */ = {
			isa = PBXResourcesBuildPhase;
			buildActionMask = 2147483647;
			files = (
			);
			runOnlyForDeploymentPostprocessing = 0;
		};
/* End PBXResourcesBuildPhase section */

/* Begin PBXShellScriptBuildPhase section */
		33E6FB209907C9F60B75C8A4 /* Copy Pods Resources */ = {
			isa = PBXShellScriptBuildPhase;
			buildActionMask = 2147483647;
			files = (
			);
			inputPaths = (
			);
			name = "Copy Pods Resources";
			outputPaths = (
			);
			runOnlyForDeploymentPostprocessing = 0;
			shellPath = /bin/sh;
			shellScript = "\"${SRCROOT}/Pods/Target Support Files/Pods/Pods-resources.sh\"\n";
			showEnvVarsInLog = 0;
		};
		86FC1469441528476C800663 /* Embed Pods Frameworks */ = {
			isa = PBXShellScriptBuildPhase;
			buildActionMask = 2147483647;
			files = (
			);
			inputPaths = (
			);
			name = "Embed Pods Frameworks";
			outputPaths = (
			);
			runOnlyForDeploymentPostprocessing = 0;
			shellPath = /bin/sh;
			shellScript = "\"${SRCROOT}/Pods/Target Support Files/Pods/Pods-frameworks.sh\"\n";
			showEnvVarsInLog = 0;
		};
		FCDFF48630BC29BAEE134D04 /* Check Pods Manifest.lock */ = {
			isa = PBXShellScriptBuildPhase;
			buildActionMask = 2147483647;
			files = (
			);
			inputPaths = (
			);
			name = "Check Pods Manifest.lock";
			outputPaths = (
			);
			runOnlyForDeploymentPostprocessing = 0;
			shellPath = /bin/sh;
			shellScript = "diff \"${PODS_ROOT}/../Podfile.lock\" \"${PODS_ROOT}/Manifest.lock\" > /dev/null\nif [[ $? != 0 ]] ; then\n    cat << EOM\nerror: The sandbox is not in sync with the Podfile.lock. Run 'pod install' or update your CocoaPods installation.\nEOM\n    exit 1\nfi\n";
			showEnvVarsInLog = 0;
		};
/* End PBXShellScriptBuildPhase section */

/* Begin PBXSourcesBuildPhase section */
		817DDB681B5D2D6F0033C9F9 /* Sources */ = {
			isa = PBXSourcesBuildPhase;
			buildActionMask = 2147483647;
			files = (
				81FF18FD1B7F040D00F793CA /* Common.swift in Sources */,
				810AA3581BA1D21100E06EAA /* ThirdPartLoginController.swift in Sources */,
				81F066C21B9F2F9C0022D736 /* LikeArticleCell.swift in Sources */,
				81FF18FB1B7F02F900F793CA /* ViewController.swift in Sources */,
				81C5758E1B707EE6008FE3BF /* GoodsCollectionCell.swift in Sources */,
				817670B21B5FE84B00805A06 /* TataNewsCell.swift in Sources */,
				81DCFED31B824896003CF443 /* AboutUsController.swift in Sources */,
				810C61C51B6DC4CB00B2EDA9 /* InterestingCell.swift in Sources */,
				81E789561BB42F2E002D0534 /* CommentViewController.swift in Sources */,
				816108A61B5EAAB4002BDFA6 /* ThingsController.swift in Sources */,
				816108A21B5EA74F002BDFA6 /* TataController.swift in Sources */,
				81E789581BB42F8F002D0534 /* CommentTableViewCell.swift in Sources */,
				8143CC791B9EBF82004FA08B /* UserInfoController.swift in Sources */,
				812E43F61B6B550700E3ED64 /* SMSegment.swift in Sources */,
				81A5852E1BCBFA1F004FE56E /* LoadMoreCell.swift in Sources */,
				81639CD81BD5E48000B31AD6 /* TuCaoViewController.swift in Sources */,
				814897421B83890A006EDC23 /* GoodsWebViewController.swift in Sources */,
				817DDB741B5D2D6F0033C9F9 /* HomeController.swift in Sources */,
				81639CD41BD5D87600B31AD6 /* ContactUsViewController.swift in Sources */,
				8143CC7B1B9ED2A9004FA08B /* LikeController.swift in Sources */,
				81C575921B710981008FE3BF /* SubGoodsCollectionCell.swift in Sources */,
				816108A41B5EAA9A002BDFA6 /* InterestingController.swift in Sources */,
				81639CD61BD5E29E00B31AD6 /* TouGaoViewController.swift in Sources */,
				81C575901B70BA95008FE3BF /* SubGoodsController.swift in Sources */,
				812E43F51B6B550700E3ED64 /* SMSegmentView.swift in Sources */,
				817DDBAB1B5D4A9D0033C9F9 /* RMParallax.swift in Sources */,
				817DDBAC1B5D4A9D0033C9F9 /* RMParallaxItem.swift in Sources */,
				81A6A52B1B837B6C007E8A37 /* ContentWebViewController.swift in Sources */,
				81A6A5291B837461007E8A37 /* VersonViewController.swift in Sources */,
				81F18F321C245878003C79B9 /* HomeViewController.swift in Sources */,
				81FF19031B7F079700F793CA /* LeftViewController.swift in Sources */,
				810AA35A1BA1DDD000E06EAA /* ThirdPartShareController.swift in Sources */,
				817DDB721B5D2D6F0033C9F9 /* AppDelegate.swift in Sources */,
			);
			runOnlyForDeploymentPostprocessing = 0;
		};
		817DDB7D1B5D2D6F0033C9F9 /* Sources */ = {
			isa = PBXSourcesBuildPhase;
			buildActionMask = 2147483647;
			files = (
				817DDB881B5D2D6F0033C9F9 /* AritaTests.swift in Sources */,
			);
			runOnlyForDeploymentPostprocessing = 0;
		};
/* End PBXSourcesBuildPhase section */

/* Begin PBXTargetDependency section */
		817DDB831B5D2D6F0033C9F9 /* PBXTargetDependency */ = {
			isa = PBXTargetDependency;
			target = 817DDB6B1B5D2D6F0033C9F9 /* Arita */;
			targetProxy = 817DDB821B5D2D6F0033C9F9 /* PBXContainerItemProxy */;
		};
/* End PBXTargetDependency section */

/* Begin PBXVariantGroup section */
		817DDB751B5D2D6F0033C9F9 /* Main.storyboard */ = {
			isa = PBXVariantGroup;
			children = (
				817DDB761B5D2D6F0033C9F9 /* Base */,
			);
			name = Main.storyboard;
			sourceTree = "<group>";
		};
		817DDB7A1B5D2D6F0033C9F9 /* LaunchScreen.xib */ = {
			isa = PBXVariantGroup;
			children = (
				817DDB7B1B5D2D6F0033C9F9 /* Base */,
			);
			name = LaunchScreen.xib;
			sourceTree = "<group>";
		};
/* End PBXVariantGroup section */

/* Begin XCBuildConfiguration section */
		817DDB891B5D2D6F0033C9F9 /* Debug */ = {
			isa = XCBuildConfiguration;
			buildSettings = {
				ALWAYS_SEARCH_USER_PATHS = NO;
				CLANG_CXX_LANGUAGE_STANDARD = "gnu++0x";
				CLANG_CXX_LIBRARY = "libc++";
				CLANG_ENABLE_MODULES = YES;
				CLANG_ENABLE_OBJC_ARC = YES;
				CLANG_WARN_BOOL_CONVERSION = YES;
				CLANG_WARN_CONSTANT_CONVERSION = YES;
				CLANG_WARN_DIRECT_OBJC_ISA_USAGE = YES_ERROR;
				CLANG_WARN_EMPTY_BODY = YES;
				CLANG_WARN_ENUM_CONVERSION = YES;
				CLANG_WARN_INT_CONVERSION = YES;
				CLANG_WARN_OBJC_ROOT_CLASS = YES_ERROR;
				CLANG_WARN_UNREACHABLE_CODE = YES;
				CLANG_WARN__DUPLICATE_METHOD_MATCH = YES;
				"CODE_SIGN_IDENTITY[sdk=iphoneos*]" = "iPhone Developer";
				COPY_PHASE_STRIP = NO;
				DEBUG_INFORMATION_FORMAT = "dwarf-with-dsym";
				ENABLE_STRICT_OBJC_MSGSEND = YES;
				ENABLE_TESTABILITY = YES;
				GCC_C_LANGUAGE_STANDARD = gnu99;
				GCC_DYNAMIC_NO_PIC = NO;
				GCC_NO_COMMON_BLOCKS = YES;
				GCC_OPTIMIZATION_LEVEL = 0;
				GCC_PREPROCESSOR_DEFINITIONS = (
					"DEBUG=1",
					"$(inherited)",
				);
				GCC_SYMBOLS_PRIVATE_EXTERN = NO;
				GCC_WARN_64_TO_32_BIT_CONVERSION = YES;
				GCC_WARN_ABOUT_RETURN_TYPE = YES_ERROR;
				GCC_WARN_UNDECLARED_SELECTOR = YES;
				GCC_WARN_UNINITIALIZED_AUTOS = YES_AGGRESSIVE;
				GCC_WARN_UNUSED_FUNCTION = YES;
				GCC_WARN_UNUSED_VARIABLE = YES;
				IPHONEOS_DEPLOYMENT_TARGET = 8.4;
				MTL_ENABLE_DEBUG_INFO = YES;
				ONLY_ACTIVE_ARCH = YES;
				SDKROOT = iphoneos;
				SWIFT_OPTIMIZATION_LEVEL = "-Onone";
			};
			name = Debug;
		};
		817DDB8A1B5D2D6F0033C9F9 /* Release */ = {
			isa = XCBuildConfiguration;
			buildSettings = {
				ALWAYS_SEARCH_USER_PATHS = NO;
				CLANG_CXX_LANGUAGE_STANDARD = "gnu++0x";
				CLANG_CXX_LIBRARY = "libc++";
				CLANG_ENABLE_MODULES = YES;
				CLANG_ENABLE_OBJC_ARC = YES;
				CLANG_WARN_BOOL_CONVERSION = YES;
				CLANG_WARN_CONSTANT_CONVERSION = YES;
				CLANG_WARN_DIRECT_OBJC_ISA_USAGE = YES_ERROR;
				CLANG_WARN_EMPTY_BODY = YES;
				CLANG_WARN_ENUM_CONVERSION = YES;
				CLANG_WARN_INT_CONVERSION = YES;
				CLANG_WARN_OBJC_ROOT_CLASS = YES_ERROR;
				CLANG_WARN_UNREACHABLE_CODE = YES;
				CLANG_WARN__DUPLICATE_METHOD_MATCH = YES;
				"CODE_SIGN_IDENTITY[sdk=iphoneos*]" = "iPhone Developer";
				COPY_PHASE_STRIP = NO;
				DEBUG_INFORMATION_FORMAT = "dwarf-with-dsym";
				ENABLE_NS_ASSERTIONS = NO;
				ENABLE_STRICT_OBJC_MSGSEND = YES;
				GCC_C_LANGUAGE_STANDARD = gnu99;
				GCC_NO_COMMON_BLOCKS = YES;
				GCC_WARN_64_TO_32_BIT_CONVERSION = YES;
				GCC_WARN_ABOUT_RETURN_TYPE = YES_ERROR;
				GCC_WARN_UNDECLARED_SELECTOR = YES;
				GCC_WARN_UNINITIALIZED_AUTOS = YES_AGGRESSIVE;
				GCC_WARN_UNUSED_FUNCTION = YES;
				GCC_WARN_UNUSED_VARIABLE = YES;
				IPHONEOS_DEPLOYMENT_TARGET = 8.4;
				MTL_ENABLE_DEBUG_INFO = NO;
				SDKROOT = iphoneos;
				VALIDATE_PRODUCT = YES;
			};
			name = Release;
		};
		817DDB8C1B5D2D6F0033C9F9 /* Debug */ = {
			isa = XCBuildConfiguration;
			baseConfigurationReference = 04611579614A8BCD7BF7A7DD /* Pods.debug.xcconfig */;
			buildSettings = {
				ASSETCATALOG_COMPILER_APPICON_NAME = AppIcon;
				ASSETCATALOG_COMPILER_LAUNCHIMAGE_NAME = LaunchImage;
				CODE_SIGN_IDENTITY = "iPhone Developer";
				"CODE_SIGN_IDENTITY[sdk=iphoneos*]" = "iPhone Developer";
				ENABLE_BITCODE = NO;
				FRAMEWORK_SEARCH_PATHS = (
					"$(inherited)",
					"$(PROJECT_DIR)/Arita/Vendors/libraries",
					"$(PROJECT_DIR)/Arita/Vendors/libraries/extends/QQSDK",
				);
				INFOPLIST_FILE = "$(SRCROOT)/Arita/Supporting Files/Info.plist";
				IPHONEOS_DEPLOYMENT_TARGET = 8.0;
				LD_RUNPATH_SEARCH_PATHS = "$(inherited) @executable_path/Frameworks";
				LIBRARY_SEARCH_PATHS = (
					"$(inherited)",
					"$(PROJECT_DIR)/Arita/Vendors/libraries/extends/SinaWeiboSDK",
					"$(PROJECT_DIR)/Arita/Vendors/libraries/extends/WeChatSDK",
				);
				PRODUCT_BUNDLE_IDENTIFIER = com.dcbunny.arita;
				PRODUCT_NAME = "$(TARGET_NAME)";
				PROVISIONING_PROFILE = "";
				SWIFT_OBJC_BRIDGING_HEADER = "./Arita/Vendors/ShareSDK-Bridging-Header.h";
			};
			name = Debug;
		};
		817DDB8D1B5D2D6F0033C9F9 /* Release */ = {
			isa = XCBuildConfiguration;
			baseConfigurationReference = 84531F842C27527EDC48154D /* Pods.release.xcconfig */;
			buildSettings = {
				ASSETCATALOG_COMPILER_APPICON_NAME = AppIcon;
				ASSETCATALOG_COMPILER_LAUNCHIMAGE_NAME = LaunchImage;
				CODE_SIGN_IDENTITY = "iPhone Developer";
				"CODE_SIGN_IDENTITY[sdk=iphoneos*]" = "iPhone Developer";
				ENABLE_BITCODE = NO;
				FRAMEWORK_SEARCH_PATHS = (
					"$(inherited)",
					"$(PROJECT_DIR)/Arita/Vendors/libraries",
					"$(PROJECT_DIR)/Arita/Vendors/libraries/extends/QQSDK",
				);
				INFOPLIST_FILE = "$(SRCROOT)/Arita/Supporting Files/Info.plist";
				IPHONEOS_DEPLOYMENT_TARGET = 8.0;
				LD_RUNPATH_SEARCH_PATHS = "$(inherited) @executable_path/Frameworks";
				LIBRARY_SEARCH_PATHS = (
					"$(inherited)",
					"$(PROJECT_DIR)/Arita/Vendors/libraries/extends/SinaWeiboSDK",
					"$(PROJECT_DIR)/Arita/Vendors/libraries/extends/WeChatSDK",
				);
				PRODUCT_BUNDLE_IDENTIFIER = com.dcbunny.arita;
				PRODUCT_NAME = "$(TARGET_NAME)";
				PROVISIONING_PROFILE = "";
				SWIFT_OBJC_BRIDGING_HEADER = "./Arita/Vendors/ShareSDK-Bridging-Header.h";
			};
			name = Release;
		};
		817DDB8F1B5D2D6F0033C9F9 /* Debug */ = {
			isa = XCBuildConfiguration;
			buildSettings = {
				BUNDLE_LOADER = "$(TEST_HOST)";
				FRAMEWORK_SEARCH_PATHS = (
					"$(SDKROOT)/Developer/Library/Frameworks",
					"$(inherited)",
				);
				GCC_PREPROCESSOR_DEFINITIONS = (
					"DEBUG=1",
					"$(inherited)",
				);
				INFOPLIST_FILE = AritaTests/Info.plist;
				LD_RUNPATH_SEARCH_PATHS = "$(inherited) @executable_path/Frameworks @loader_path/Frameworks";
				PRODUCT_BUNDLE_IDENTIFIER = com.dcbunny.arita;
				PRODUCT_NAME = "$(TARGET_NAME)";
				TEST_HOST = "$(BUILT_PRODUCTS_DIR)/Arita.app/Arita";
			};
			name = Debug;
		};
		817DDB901B5D2D6F0033C9F9 /* Release */ = {
			isa = XCBuildConfiguration;
			buildSettings = {
				BUNDLE_LOADER = "$(TEST_HOST)";
				FRAMEWORK_SEARCH_PATHS = (
					"$(SDKROOT)/Developer/Library/Frameworks",
					"$(inherited)",
				);
				INFOPLIST_FILE = AritaTests/Info.plist;
				LD_RUNPATH_SEARCH_PATHS = "$(inherited) @executable_path/Frameworks @loader_path/Frameworks";
				PRODUCT_BUNDLE_IDENTIFIER = com.dcbunny.arita;
				PRODUCT_NAME = "$(TARGET_NAME)";
				TEST_HOST = "$(BUILT_PRODUCTS_DIR)/Arita.app/Arita";
			};
			name = Release;
		};
/* End XCBuildConfiguration section */

/* Begin XCConfigurationList section */
		817DDB671B5D2D6F0033C9F9 /* Build configuration list for PBXProject "Arita" */ = {
			isa = XCConfigurationList;
			buildConfigurations = (
				817DDB891B5D2D6F0033C9F9 /* Debug */,
				817DDB8A1B5D2D6F0033C9F9 /* Release */,
			);
			defaultConfigurationIsVisible = 0;
			defaultConfigurationName = Release;
		};
		817DDB8B1B5D2D6F0033C9F9 /* Build configuration list for PBXNativeTarget "Arita" */ = {
			isa = XCConfigurationList;
			buildConfigurations = (
				817DDB8C1B5D2D6F0033C9F9 /* Debug */,
				817DDB8D1B5D2D6F0033C9F9 /* Release */,
			);
			defaultConfigurationIsVisible = 0;
			defaultConfigurationName = Release;
		};
		817DDB8E1B5D2D6F0033C9F9 /* Build configuration list for PBXNativeTarget "AritaTests" */ = {
			isa = XCConfigurationList;
			buildConfigurations = (
				817DDB8F1B5D2D6F0033C9F9 /* Debug */,
				817DDB901B5D2D6F0033C9F9 /* Release */,
			);
			defaultConfigurationIsVisible = 0;
			defaultConfigurationName = Release;
		};
/* End XCConfigurationList section */
	};
	rootObject = 817DDB641B5D2D6F0033C9F9 /* Project object */;
}
